Microsoft Visual Studio Solution File, Format Version 11.00
# Visual Studio 2008

Project("{9B034FEA-D30B-3C38-AFC0-C624FEC42EEA}") = "Top Down View", "Assembly-CSharp.csproj", "{22E15487-20F5-038E-D1C6-851E31FD3F9C}"
EndProject
Global
	GlobalSection(SolutionConfigurationPlatforms) = preSolution
		Debug|Any CPU = Debug|Any CPU
		Release|Any CPU = Release|Any CPU
	EndGlobalSection
	GlobalSection(ProjectConfigurationPlatforms) = postSolution
		{22E15487-20F5-038E-D1C6-851E31FD3F9C}.Debug|Any CPU.ActiveCfg = Debug|Any CPU
		{22E15487-20F5-038E-D1C6-851E31FD3F9C}.Debug|Any CPU.Build.0 = Debug|Any CPU
		{22E15487-20F5-038E-D1C6-851E31FD3F9C}.Release|Any CPU.ActiveCfg = Release|Any CPU
		{22E15487-20F5-038E-D1C6-851E31FD3F9C}.Release|Any CPU.Build.0 = Release|Any CPU
	EndGlobalSection
	GlobalSection(SolutionProperties) = preSolution
		HideSolutionNode = FALSE
	EndGlobalSection
				GlobalSection(MonoDevelopProperties) = preSolution
		StartupItem = Assembly-CSharp.csproj
		Policies = $0
		$0.TextStylePolicy = $1
		$1.inheritsSet = null
		$1.scope = text/x-csharp
		$0.CSharpFormattingPolicy = $2
		$2.inheritsSet = Mono
		$2.inheritsScope = text/x-csharp
		$2.scope = text/x-csharp
		$0.TextStylePolicy = $3
		$3.FileWidth = 120
		$3.TabWidth = 4
		$3.EolMarker = Unix
		$3.inheritsSet = Mono
		$3.inheritsScope = text/plain
		$3.scope = text/plain
	EndGlobalSection

EndGlobal
